
Microsoft Visual Studio Solution File, Format Version 12.00
# Visual Studio Version 17
VisualStudioVersion = 17.0.31903.59
MinimumVisualStudioVersion = 10.0.40219.1
Project("{2150E333-8FDC-42A3-9474-1A3956D46DE8}") = "src", "src", "{827E0CD3-B72D-47B6-A68D-7590B98EB39B}"
EndProject
Project("{FAE04EC0-301F-11D3-BF4B-00C04F79EFBC}") = "McpCli", "src\McpCli\McpCli.csproj", "{BCB60BA9-7608-4E64-B39E-1227E2F7C8AE}"
EndProject
Project("{2150E333-8FDC-42A3-9474-1A3956D46DE8}") = "tests", "tests", "{0AB3BF05-4346-4AA6-1389-037BE0695223}"
EndProject
Project("{FAE04EC0-301F-11D3-BF4B-00C04F79EFBC}") = "McpCli.Tests", "tests\McpCli.Tests\McpCli.Tests.csproj", "{699AF028-0743-4338-84B8-063BC3F7B7FE}"
EndProject
Global
	GlobalSection(SolutionConfigurationPlatforms) = preSolution
		Debug|Any CPU = Debug|Any CPU
		Debug|x64 = Debug|x64
		Debug|x86 = Debug|x86
		Release|Any CPU = Release|Any CPU
		Release|x64 = Release|x64
		Release|x86 = Release|x86
	EndGlobalSection
	GlobalSection(ProjectConfigurationPlatforms) = postSolution
		{BCB60BA9-7608-4E64-B39E-1227E2F7C8AE}.Debug|Any CPU.ActiveCfg = Debug|Any CPU
		{BCB60BA9-7608-4E64-B39E-1227E2F7C8AE}.Debug|Any CPU.Build.0 = Debug|Any CPU
		{BCB60BA9-7608-4E64-B39E-1227E2F7C8AE}.Debug|x64.ActiveCfg = Debug|Any CPU
		{BCB60BA9-7608-4E64-B39E-1227E2F7C8AE}.Debug|x64.Build.0 = Debug|Any CPU
		{BCB60BA9-7608-4E64-B39E-1227E2F7C8AE}.Debug|x86.ActiveCfg = Debug|Any CPU
		{BCB60BA9-7608-4E64-B39E-1227E2F7C8AE}.Debug|x86.Build.0 = Debug|Any CPU
		{BCB60BA9-7608-4E64-B39E-1227E2F7C8AE}.Release|Any CPU.ActiveCfg = Release|Any CPU
		{BCB60BA9-7608-4E64-B39E-1227E2F7C8AE}.Release|Any CPU.Build.0 = Release|Any CPU
		{BCB60BA9-7608-4E64-B39E-1227E2F7C8AE}.Release|x64.ActiveCfg = Release|Any CPU
		{BCB60BA9-7608-4E64-B39E-1227E2F7C8AE}.Release|x64.Build.0 = Release|Any CPU
		{BCB60BA9-7608-4E64-B39E-1227E2F7C8AE}.Release|x86.ActiveCfg = Release|Any CPU
		{BCB60BA9-7608-4E64-B39E-1227E2F7C8AE}.Release|x86.Build.0 = Release|Any CPU
		{699AF028-0743-4338-84B8-063BC3F7B7FE}.Debug|Any CPU.ActiveCfg = Debug|Any CPU
		{699AF028-0743-4338-84B8-063BC3F7B7FE}.Debug|Any CPU.Build.0 = Debug|Any CPU
		{699AF028-0743-4338-84B8-063BC3F7B7FE}.Debug|x64.ActiveCfg = Debug|Any CPU
		{699AF028-0743-4338-84B8-063BC3F7B7FE}.Debug|x64.Build.0 = Debug|Any CPU
		{699AF028-0743-4338-84B8-063BC3F7B7FE}.Debug|x86.ActiveCfg = Debug|Any CPU
		{699AF028-0743-4338-84B8-063BC3F7B7FE}.Debug|x86.Build.0 = Debug|Any CPU
		{699AF028-0743-4338-84B8-063BC3F7B7FE}.Release|Any CPU.ActiveCfg = Release|Any CPU
		{699AF028-0743-4338-84B8-063BC3F7B7FE}.Release|Any CPU.Build.0 = Release|Any CPU
		{699AF028-0743-4338-84B8-063BC3F7B7FE}.Release|x64.ActiveCfg = Release|Any CPU
		{699AF028-0743-4338-84B8-063BC3F7B7FE}.Release|x64.Build.0 = Release|Any CPU
		{699AF028-0743-4338-84B8-063BC3F7B7FE}.Release|x86.ActiveCfg = Release|Any CPU
		{699AF028-0743-4338-84B8-063BC3F7B7FE}.Release|x86.Build.0 = Release|Any CPU
	EndGlobalSection
	GlobalSection(SolutionProperties) = preSolution
		HideSolutionNode = FALSE
	EndGlobalSection
	GlobalSection(NestedProjects) = preSolution
		{BCB60BA9-7608-4E64-B39E-1227E2F7C8AE} = {827E0CD3-B72D-47B6-A68D-7590B98EB39B}
		{699AF028-0743-4338-84B8-063BC3F7B7FE} = {0AB3BF05-4346-4AA6-1389-037BE0695223}
	EndGlobalSection
EndGlobal
